
Microsoft Visual Studio Solution File, Format Version 12.00
# Visual Studio Version 16
VisualStudioVersion = 16.0.29613.14
MinimumVisualStudioVersion = 10.0.40219.1
Project("{FAE04EC0-301F-11D3-BF4B-00C04F79EFBC}") = "WpfApp17", "WpfApp17.csproj", "{BC5DD70B-73BC-4BA7-8729-E0AFEE1CCA23}"
EndProject
Global
	GlobalSection(SolutionConfigurationPlatforms) = preSolution
		Debug|Any CPU = Debug|Any CPU
		Release|Any CPU = Release|Any CPU
	EndGlobalSection
	GlobalSection(ProjectConfigurationPlatforms) = postSolution
		{BC5DD70B-73BC-4BA7-8729-E0AFEE1CCA23}.Debug|Any CPU.ActiveCfg = Debug|Any CPU
		{BC5DD70B-73BC-4BA7-8729-E0AFEE1CCA23}.Debug|Any CPU.Build.0 = Debug|Any CPU
		{BC5DD70B-73BC-4BA7-8729-E0AFEE1CCA23}.Release|Any CPU.ActiveCfg = Release|Any CPU
		{BC5DD70B-73BC-4BA7-8729-E0AFEE1CCA23}.Release|Any CPU.Build.0 = Release|Any CPU
	EndGlobalSection
	GlobalSection(SolutionProperties) = preSolution
		HideSolutionNode = FALSE
	EndGlobalSection
	GlobalSection(ExtensibilityGlobals) = postSolution
		SolutionGuid = {E2D836B3-6B15-408C-9501-58B65A0BE509}
	EndGlobalSection
EndGlobal
